
Microsoft Visual Studio Solution File, Format Version 12.00
# Visual Studio 15
Project("{FAE04EC0-301F-11D3-BF4B-00C04F79EFBC}") = "lab001", "lab001\lab001.csproj", "{21D7CC82-34A1-4913-9399-9C22553436D0}"
EndProject
Global
	GlobalSection(SolutionConfigurationPlatforms) = preSolution
		Debug|anycpu = Debug|anycpu
		Release|anycpu = Release|anycpu
	EndGlobalSection
	GlobalSection(ProjectConfigurationPlatforms) = postSolution
		{21D7CC82-34A1-4913-9399-9C22553436D0}.Debug|anycpu.ActiveCfg = Debug|anycpu
		{21D7CC82-34A1-4913-9399-9C22553436D0}.Debug|anycpu.Build.0 = Debug|anycpu
		{21D7CC82-34A1-4913-9399-9C22553436D0}.Release|anycpu.ActiveCfg = Release|anycpu
		{21D7CC82-34A1-4913-9399-9C22553436D0}.Release|anycpu.Build.0 = Release|anycpu
	EndGlobalSection
EndGlobal
